<?xml version="1.0" encoding="UTF-8"?>
<!DOCTYPE plist PUBLIC "-//Apple//DTD PLIST 1.0//EN" "http://www.apple.com/DTDs/PropertyList-1.0.dtd">
<plist version="1.0">
<dict>
	<key>archiveVersion</key>
	<string>1</string>
	<key>classes</key>
	<dict/>
	<key>objectVersion</key>
	<string>46</string>
	<key>objects</key>
	<dict>
		<key>1307D0CF4F513239A5FF8835</key>
		<dict>
			<key>buildActionMask</key>
			<string>2147483647</string>
			<key>files</key>
			<array/>
			<key>inputPaths</key>
			<array/>
			<key>isa</key>
			<string>PBXShellScriptBuildPhase</string>
			<key>name</key>
			<string>Check Pods Manifest.lock</string>
			<key>outputPaths</key>
			<array/>
			<key>runOnlyForDeploymentPostprocessing</key>
			<string>0</string>
			<key>shellPath</key>
			<string>/bin/sh</string>
			<key>shellScript</key>
			<string>diff "${PODS_ROOT}/../Podfile.lock" "${PODS_ROOT}/Manifest.lock" &gt; /dev/null
if [[ $? != 0 ]] ; then
    cat &lt;&lt; EOM
error: The sandbox is not in sync with the Podfile.lock. Run 'pod install' or update your CocoaPods installation.
EOM
    exit 1
fi
</string>
			<key>showEnvVarsInLog</key>
			<string>0</string>
		</dict>
		<key>1501C4554E220DB68CB93913</key>
		<dict>
			<key>buildActionMask</key>
			<string>2147483647</string>
			<key>files</key>
			<array/>
			<key>inputPaths</key>
			<array/>
			<key>isa</key>
			<string>PBXShellScriptBuildPhase</string>
			<key>name</key>
			<string>Copy Pods Resources</string>
			<key>outputPaths</key>
			<array/>
			<key>runOnlyForDeploymentPostprocessing</key>
			<string>0</string>
			<key>shellPath</key>
			<string>/bin/sh</string>
			<key>shellScript</key>
			<string>"${SRCROOT}/Pods/Target Support Files/Pods/Pods-resources.sh"
</string>
			<key>showEnvVarsInLog</key>
			<string>0</string>
		</dict>
		<key>23B52125E1682509A7548780</key>
		<dict>
			<key>includeInIndex</key>
			<string>1</string>
			<key>isa</key>
			<string>PBXFileReference</string>
			<key>lastKnownFileType</key>
			<string>text.xcconfig</string>
			<key>name</key>
			<string>Pods.debug.xcconfig</string>
			<key>path</key>
			<string>Pods/Target Support Files/Pods/Pods.debug.xcconfig</string>
			<key>sourceTree</key>
			<string>&lt;group&gt;</string>
		</dict>
		<key>561391321C3F5B7036C3D40B</key>
		<dict>
			<key>includeInIndex</key>
			<string>1</string>
			<key>isa</key>
			<string>PBXFileReference</string>
			<key>lastKnownFileType</key>
			<string>text.xcconfig</string>
			<key>name</key>
			<string>Pods.release.xcconfig</string>
			<key>path</key>
			<string>Pods/Target Support Files/Pods/Pods.release.xcconfig</string>
			<key>sourceTree</key>
			<string>&lt;group&gt;</string>
		</dict>
		<key>840FB43E1CD0BD1200298510</key>
		<dict>
			<key>fileEncoding</key>
			<string>4</string>
			<key>isa</key>
			<string>PBXFileReference</string>
			<key>lastKnownFileType</key>
			<string>sourcecode.swift</string>
			<key>path</key>
			<string>BaseViewController.swift</string>
			<key>sourceTree</key>
			<string>&lt;group&gt;</string>
		</dict>
		<key>840FB43F1CD0BD1200298510</key>
		<dict>
			<key>fileRef</key>
			<string>840FB43E1CD0BD1200298510</string>
			<key>isa</key>
			<string>PBXBuildFile</string>
		</dict>
		<key>843481271CC9ED7C00BEC03D</key>
		<dict>
			<key>buildActionMask</key>
			<string>2147483647</string>
			<key>dstPath</key>
			<string></string>
			<key>dstSubfolderSpec</key>
			<string>10</string>
			<key>files</key>
			<array/>
			<key>isa</key>
			<string>PBXCopyFilesBuildPhase</string>
			<key>name</key>
			<string>Embed Frameworks</string>
			<key>runOnlyForDeploymentPostprocessing</key>
			<string>0</string>
		</dict>
		<key>84B558321CC7806D001065B4</key>
		<dict>
			<key>children</key>
			<array>
				<string>840FB43E1CD0BD1200298510</string>
				<string>84B558391CC784F0001065B4</string>
			</array>
			<key>isa</key>
			<string>PBXGroup</string>
			<key>path</key>
			<string>CarScene</string>
			<key>sourceTree</key>
			<string>&lt;group&gt;</string>
		</dict>
		<key>84B558341CC7807A001065B4</key>
		<dict>
			<key>children</key>
			<array>
				<string>84E2E09C1CC9BD79002A39F1</string>
			</array>
			<key>isa</key>
			<string>PBXGroup</string>
			<key>path</key>
			<string>Contacts</string>
			<key>sourceTree</key>
			<string>&lt;group&gt;</string>
		</dict>
		<key>84B558351CC7808E001065B4</key>
		<dict>
			<key>children</key>
			<array>
				<string>84E2E09E1CC9BD82002A39F1</string>
				<string>F63B49C61CC9F1C60046F2FD</string>
				<string>F63B49C81CC9F1E00046F2FD</string>
				<string>F63B49CA1CC9F1F30046F2FD</string>
				<string>F63B49CC1CC9FB5D0046F2FD</string>
			</array>
			<key>isa</key>
			<string>PBXGroup</string>
			<key>path</key>
			<string>Music</string>
			<key>sourceTree</key>
			<string>&lt;group&gt;</string>
		</dict>
		<key>84B558361CC780AC001065B4</key>
		<dict>
			<key>children</key>
			<array>
				<string>84E2E09A1CC9BD71002A39F1</string>
			</array>
			<key>isa</key>
			<string>PBXGroup</string>
			<key>path</key>
			<string>PhoneScene</string>
			<key>sourceTree</key>
			<string>&lt;group&gt;</string>
		</dict>
		<key>84B558371CC780B7001065B4</key>
		<dict>
			<key>children</key>
			<array>
				<string>84E2E0A01CC9BD8A002A39F1</string>
			</array>
			<key>isa</key>
			<string>PBXGroup</string>
			<key>path</key>
			<string>VoiceRecognition</string>
			<key>sourceTree</key>
			<string>&lt;group&gt;</string>
		</dict>
		<key>84B558381CC780BF001065B4</key>
		<dict>
			<key>children</key>
			<array>
				<string>84E2E0A21CC9BD95002A39F1</string>
				<string>F63B49CF1CCA252F0046F2FD</string>
				<string>F63B49D11CCA25E40046F2FD</string>
			</array>
			<key>isa</key>
			<string>PBXGroup</string>
			<key>path</key>
			<string>Weather</string>
			<key>sourceTree</key>
			<string>&lt;group&gt;</string>
		</dict>
		<key>84B558391CC784F0001065B4</key>
		<dict>
			<key>fileEncoding</key>
			<string>4</string>
			<key>isa</key>
			<string>PBXFileReference</string>
			<key>lastKnownFileType</key>
			<string>sourcecode.swift</string>
			<key>path</key>
			<string>MainLauncher.swift</string>
			<key>sourceTree</key>
			<string>&lt;group&gt;</string>
		</dict>
		<key>84B5583A1CC784F0001065B4</key>
		<dict>
			<key>fileRef</key>
			<string>84B558391CC784F0001065B4</string>
			<key>isa</key>
			<string>PBXBuildFile</string>
		</dict>
		<key>84B5583B1CC784F0001065B4</key>
		<dict>
			<key>fileRef</key>
			<string>84B558391CC784F0001065B4</string>
			<key>isa</key>
			<string>PBXBuildFile</string>
		</dict>
		<key>84B5583C1CC784F0001065B4</key>
		<dict>
			<key>fileRef</key>
			<string>84B558391CC784F0001065B4</string>
			<key>isa</key>
			<string>PBXBuildFile</string>
		</dict>
		<key>84E2E09A1CC9BD71002A39F1</key>
		<dict>
			<key>fileEncoding</key>
			<string>4</string>
			<key>isa</key>
			<string>PBXFileReference</string>
			<key>lastKnownFileType</key>
			<string>sourcecode.swift</string>
			<key>path</key>
			<string>PhoneViewController.swift</string>
			<key>sourceTree</key>
			<string>&lt;group&gt;</string>
		</dict>
		<key>84E2E09B1CC9BD71002A39F1</key>
		<dict>
			<key>fileRef</key>
			<string>84E2E09A1CC9BD71002A39F1</string>
			<key>isa</key>
			<string>PBXBuildFile</string>
		</dict>
		<key>84E2E09C1CC9BD79002A39F1</key>
		<dict>
			<key>fileEncoding</key>
			<string>4</string>
			<key>isa</key>
			<string>PBXFileReference</string>
			<key>lastKnownFileType</key>
			<string>sourcecode.swift</string>
			<key>path</key>
			<string>ContactsViewController.swift</string>
			<key>sourceTree</key>
			<string>&lt;group&gt;</string>
		</dict>
		<key>84E2E09D1CC9BD79002A39F1</key>
		<dict>
			<key>fileRef</key>
			<string>84E2E09C1CC9BD79002A39F1</string>
			<key>isa</key>
			<string>PBXBuildFile</string>
		</dict>
		<key>84E2E09E1CC9BD82002A39F1</key>
		<dict>
			<key>fileEncoding</key>
			<string>4</string>
			<key>isa</key>
			<string>PBXFileReference</string>
			<key>lastKnownFileType</key>
			<string>sourcecode.swift</string>
			<key>path</key>
			<string>MusicViewController.swift</string>
			<key>sourceTree</key>
			<string>&lt;group&gt;</string>
		</dict>
		<key>84E2E09F1CC9BD82002A39F1</key>
		<dict>
			<key>fileRef</key>
			<string>84E2E09E1CC9BD82002A39F1</string>
			<key>isa</key>
			<string>PBXBuildFile</string>
		</dict>
		<key>84E2E0A01CC9BD8A002A39F1</key>
		<dict>
			<key>fileEncoding</key>
			<string>4</string>
			<key>isa</key>
			<string>PBXFileReference</string>
			<key>lastKnownFileType</key>
			<string>sourcecode.swift</string>
			<key>path</key>
			<string>VRViewController.swift</string>
			<key>sourceTree</key>
			<string>&lt;group&gt;</string>
		</dict>
		<key>84E2E0A11CC9BD8A002A39F1</key>
		<dict>
			<key>fileRef</key>
			<string>84E2E0A01CC9BD8A002A39F1</string>
			<key>isa</key>
			<string>PBXBuildFile</string>
		</dict>
		<key>84E2E0A21CC9BD95002A39F1</key>
		<dict>
			<key>fileEncoding</key>
			<string>4</string>
			<key>isa</key>
			<string>PBXFileReference</string>
			<key>lastKnownFileType</key>
			<string>sourcecode.swift</string>
			<key>path</key>
			<string>WeatherViewController.swift</string>
			<key>sourceTree</key>
			<string>&lt;group&gt;</string>
		</dict>
		<key>84E2E0A31CC9BD95002A39F1</key>
		<dict>
			<key>fileRef</key>
			<string>84E2E0A21CC9BD95002A39F1</string>
			<key>isa</key>
			<string>PBXBuildFile</string>
		</dict>
		<key>92AD8E971CBB413300C6EF14</key>
		<dict>
			<key>children</key>
			<array>
				<string>92AD8EA21CBB413300C6EF14</string>
				<string>92AD8EBA1CBB413300C6EF14</string>
				<string>92AD8EC51CBB413300C6EF14</string>
				<string>92AD8EA11CBB413300C6EF14</string>
				<string>C23D430162B0B7B2A8BA2021</string>
				<string>D5A960B352B724C6D1B320FA</string>
			</array>
			<key>isa</key>
			<string>PBXGroup</string>
			<key>sourceTree</key>
			<string>&lt;group&gt;</string>
		</dict>
		<key>92AD8E981CBB413300C6EF14</key>
		<dict>
			<key>attributes</key>
			<dict>
				<key>LastSwiftUpdateCheck</key>
				<string>0730</string>
				<key>LastUpgradeCheck</key>
				<string>0730</string>
				<key>ORGANIZATIONNAME</key>
				<string>AppStudio</string>
				<key>TargetAttributes</key>
				<dict>
					<key>92AD8E9F1CBB413300C6EF14</key>
					<dict>
						<key>CreatedOnToolsVersion</key>
						<string>7.3</string>
					</dict>
					<key>92AD8EB61CBB413300C6EF14</key>
					<dict>
						<key>CreatedOnToolsVersion</key>
						<string>7.3</string>
						<key>TestTargetID</key>
						<string>92AD8E9F1CBB413300C6EF14</string>
					</dict>
					<key>92AD8EC11CBB413300C6EF14</key>
					<dict>
						<key>CreatedOnToolsVersion</key>
						<string>7.3</string>
						<key>TestTargetID</key>
						<string>92AD8E9F1CBB413300C6EF14</string>
					</dict>
				</dict>
			</dict>
			<key>buildConfigurationList</key>
			<string>92AD8E9B1CBB413300C6EF14</string>
			<key>compatibilityVersion</key>
			<string>Xcode 3.2</string>
			<key>developmentRegion</key>
			<string>English</string>
			<key>hasScannedForEncodings</key>
			<string>0</string>
			<key>isa</key>
			<string>PBXProject</string>
			<key>knownRegions</key>
			<array>
				<string>en</string>
				<string>Base</string>
			</array>
			<key>mainGroup</key>
			<string>92AD8E971CBB413300C6EF14</string>
			<key>productRefGroup</key>
			<string>92AD8EA11CBB413300C6EF14</string>
			<key>projectDirPath</key>
			<string></string>
			<key>projectReferences</key>
			<array/>
			<key>projectRoot</key>
			<string></string>
			<key>targets</key>
			<array>
				<string>92AD8E9F1CBB413300C6EF14</string>
				<string>92AD8EB61CBB413300C6EF14</string>
				<string>92AD8EC11CBB413300C6EF14</string>
			</array>
		</dict>
		<key>92AD8E9B1CBB413300C6EF14</key>
		<dict>
			<key>buildConfigurations</key>
			<array>
				<string>92AD8EC91CBB413300C6EF14</string>
				<string>92AD8ECA1CBB413300C6EF14</string>
			</array>
			<key>defaultConfigurationIsVisible</key>
			<string>0</string>
			<key>defaultConfigurationName</key>
			<string>Release</string>
			<key>isa</key>
			<string>XCConfigurationList</string>
		</dict>
		<key>92AD8E9C1CBB413300C6EF14</key>
		<dict>
			<key>buildActionMask</key>
			<string>2147483647</string>
			<key>files</key>
			<array>
				<string>F63B49C91CC9F1E00046F2FD</string>
				<string>84E2E0A11CC9BD8A002A39F1</string>
				<string>84E2E0A31CC9BD95002A39F1</string>
				<string>84B5583A1CC784F0001065B4</string>
				<string>84E2E09F1CC9BD82002A39F1</string>
				<string>840FB43F1CD0BD1200298510</string>
				<string>F63B49D01CCA252F0046F2FD</string>
				<string>84E2E09B1CC9BD71002A39F1</string>
				<string>F63B49CD1CC9FB5D0046F2FD</string>
				<string>F63B49C71CC9F1C60046F2FD</string>
				<string>92AD8EAC1CBB413300C6EF14</string>
				<string>F63B49CB1CC9F1F30046F2FD</string>
				<string>F63B49D21CCA25E40046F2FD</string>
				<string>92AD8EA41CBB413300C6EF14</string>
				<string>84E2E09D1CC9BD79002A39F1</string>
			</array>
			<key>isa</key>
			<string>PBXSourcesBuildPhase</string>
			<key>runOnlyForDeploymentPostprocessing</key>
			<string>0</string>
		</dict>
		<key>92AD8E9D1CBB413300C6EF14</key>
		<dict>
			<key>buildActionMask</key>
			<string>2147483647</string>
			<key>files</key>
			<array>
				<string>9A69ECEADF4DD662E537AF0C</string>
			</array>
			<key>isa</key>
			<string>PBXFrameworksBuildPhase</string>
			<key>runOnlyForDeploymentPostprocessing</key>
			<string>0</string>
		</dict>
		<key>92AD8E9E1CBB413300C6EF14</key>
		<dict>
			<key>buildActionMask</key>
			<string>2147483647</string>
			<key>files</key>
			<array>
				<string>92AD8EB11CBB413300C6EF14</string>
				<string>92AD8EAE1CBB413300C6EF14</string>
				<string>92AD8EA91CBB413300C6EF14</string>
			</array>
			<key>isa</key>
			<string>PBXResourcesBuildPhase</string>
			<key>runOnlyForDeploymentPostprocessing</key>
			<string>0</string>
		</dict>
		<key>92AD8E9F1CBB413300C6EF14</key>
		<dict>
			<key>buildConfigurationList</key>
			<string>92AD8ECB1CBB413300C6EF14</string>
			<key>buildPhases</key>
			<array>
				<string>1307D0CF4F513239A5FF8835</string>
				<string>92AD8E9C1CBB413300C6EF14</string>
				<string>92AD8E9D1CBB413300C6EF14</string>
				<string>92AD8E9E1CBB413300C6EF14</string>
				<string>843481271CC9ED7C00BEC03D</string>
				<string>C16FCC0E983F8870D135D13E</string>
				<string>1501C4554E220DB68CB93913</string>
			</array>
			<key>buildRules</key>
			<array/>
			<key>dependencies</key>
			<array/>
			<key>isa</key>
			<string>PBXNativeTarget</string>
			<key>name</key>
			<string>ExDisplay</string>
			<key>productName</key>
			<string>ExDisplay</string>
			<key>productReference</key>
			<string>92AD8EA01CBB413300C6EF14</string>
			<key>productType</key>
			<string>com.apple.product-type.application</string>
		</dict>
		<key>92AD8EA01CBB413300C6EF14</key>
		<dict>
			<key>explicitFileType</key>
			<string>wrapper.application</string>
			<key>includeInIndex</key>
			<string>0</string>
			<key>isa</key>
			<string>PBXFileReference</string>
			<key>path</key>
			<string>ExDisplay.app</string>
			<key>sourceTree</key>
			<string>BUILT_PRODUCTS_DIR</string>
		</dict>
		<key>92AD8EA11CBB413300C6EF14</key>
		<dict>
			<key>children</key>
			<array>
				<string>92AD8EA01CBB413300C6EF14</string>
				<string>92AD8EB71CBB413300C6EF14</string>
				<string>92AD8EC21CBB413300C6EF14</string>
			</array>
			<key>isa</key>
			<string>PBXGroup</string>
			<key>name</key>
			<string>Products</string>
			<key>sourceTree</key>
			<string>&lt;group&gt;</string>
		</dict>
		<key>92AD8EA21CBB413300C6EF14</key>
		<dict>
			<key>children</key>
			<array>
				<string>84B558321CC7806D001065B4</string>
				<string>84B558361CC780AC001065B4</string>
				<string>84B558341CC7807A001065B4</string>
				<string>84B558351CC7808E001065B4</string>
				<string>84B558371CC780B7001065B4</string>
				<string>84B558381CC780BF001065B4</string>
				<string>92AD8EA31CBB413300C6EF14</string>
				<string>92AD8EA71CBB413300C6EF14</string>
				<string>92AD8EAD1CBB413300C6EF14</string>
				<string>92AD8EAF1CBB413300C6EF14</string>
				<string>92AD8EB21CBB413300C6EF14</string>
				<string>92AD8EAA1CBB413300C6EF14</string>
			</array>
			<key>isa</key>
			<string>PBXGroup</string>
			<key>path</key>
			<string>ExDisplay</string>
			<key>sourceTree</key>
			<string>&lt;group&gt;</string>
		</dict>
		<key>92AD8EA31CBB413300C6EF14</key>
		<dict>
			<key>isa</key>
			<string>PBXFileReference</string>
			<key>lastKnownFileType</key>
			<string>sourcecode.swift</string>
			<key>path</key>
			<string>AppDelegate.swift</string>
			<key>sourceTree</key>
			<string>&lt;group&gt;</string>
		</dict>
		<key>92AD8EA41CBB413300C6EF14</key>
		<dict>
			<key>fileRef</key>
			<string>92AD8EA31CBB413300C6EF14</string>
			<key>isa</key>
			<string>PBXBuildFile</string>
		</dict>
		<key>92AD8EA71CBB413300C6EF14</key>
		<dict>
			<key>children</key>
			<array>
				<string>92AD8EA81CBB413300C6EF14</string>
			</array>
			<key>isa</key>
			<string>PBXVariantGroup</string>
			<key>name</key>
			<string>Main.storyboard</string>
			<key>sourceTree</key>
			<string>&lt;group&gt;</string>
		</dict>
		<key>92AD8EA81CBB413300C6EF14</key>
		<dict>
			<key>isa</key>
			<string>PBXFileReference</string>
			<key>lastKnownFileType</key>
			<string>file.storyboard</string>
			<key>name</key>
			<string>Base</string>
			<key>path</key>
			<string>Base.lproj/Main.storyboard</string>
			<key>sourceTree</key>
			<string>&lt;group&gt;</string>
		</dict>
		<key>92AD8EA91CBB413300C6EF14</key>
		<dict>
			<key>fileRef</key>
			<string>92AD8EA71CBB413300C6EF14</string>
			<key>isa</key>
			<string>PBXBuildFile</string>
		</dict>
		<key>92AD8EAA1CBB413300C6EF14</key>
		<dict>
			<key>children</key>
			<array>
				<string>92AD8EAB1CBB413300C6EF14</string>
			</array>
			<key>currentVersion</key>
			<string>92AD8EAB1CBB413300C6EF14</string>
			<key>isa</key>
			<string>XCVersionGroup</string>
			<key>path</key>
			<string>ExDisplay.xcdatamodeld</string>
			<key>sourceTree</key>
			<string>&lt;group&gt;</string>
			<key>versionGroupType</key>
			<string>wrapper.xcdatamodel</string>
		</dict>
		<key>92AD8EAB1CBB413300C6EF14</key>
		<dict>
			<key>isa</key>
			<string>PBXFileReference</string>
			<key>lastKnownFileType</key>
			<string>wrapper.xcdatamodel</string>
			<key>path</key>
			<string>ExDisplay.xcdatamodel</string>
			<key>sourceTree</key>
			<string>&lt;group&gt;</string>
		</dict>
		<key>92AD8EAC1CBB413300C6EF14</key>
		<dict>
			<key>fileRef</key>
			<string>92AD8EAA1CBB413300C6EF14</string>
			<key>isa</key>
			<string>PBXBuildFile</string>
		</dict>
		<key>92AD8EAD1CBB413300C6EF14</key>
		<dict>
			<key>isa</key>
			<string>PBXFileReference</string>
			<key>lastKnownFileType</key>
			<string>folder.assetcatalog</string>
			<key>path</key>
			<string>Assets.xcassets</string>
			<key>sourceTree</key>
			<string>&lt;group&gt;</string>
		</dict>
		<key>92AD8EAE1CBB413300C6EF14</key>
		<dict>
			<key>fileRef</key>
			<string>92AD8EAD1CBB413300C6EF14</string>
			<key>isa</key>
			<string>PBXBuildFile</string>
		</dict>
		<key>92AD8EAF1CBB413300C6EF14</key>
		<dict>
			<key>children</key>
			<array>
				<string>92AD8EB01CBB413300C6EF14</string>
			</array>
			<key>isa</key>
			<string>PBXVariantGroup</string>
			<key>name</key>
			<string>LaunchScreen.storyboard</string>
			<key>sourceTree</key>
			<string>&lt;group&gt;</string>
		</dict>
		<key>92AD8EB01CBB413300C6EF14</key>
		<dict>
			<key>isa</key>
			<string>PBXFileReference</string>
			<key>lastKnownFileType</key>
			<string>file.storyboard</string>
			<key>name</key>
			<string>Base</string>
			<key>path</key>
			<string>Base.lproj/LaunchScreen.storyboard</string>
			<key>sourceTree</key>
			<string>&lt;group&gt;</string>
		</dict>
		<key>92AD8EB11CBB413300C6EF14</key>
		<dict>
			<key>fileRef</key>
			<string>92AD8EAF1CBB413300C6EF14</string>
			<key>isa</key>
			<string>PBXBuildFile</string>
		</dict>
		<key>92AD8EB21CBB413300C6EF14</key>
		<dict>
			<key>isa</key>
			<string>PBXFileReference</string>
			<key>lastKnownFileType</key>
			<string>text.plist.xml</string>
			<key>path</key>
			<string>Info.plist</string>
			<key>sourceTree</key>
			<string>&lt;group&gt;</string>
		</dict>
		<key>92AD8EB31CBB413300C6EF14</key>
		<dict>
			<key>buildActionMask</key>
			<string>2147483647</string>
			<key>files</key>
			<array>
				<string>84B5583B1CC784F0001065B4</string>
				<string>92AD8EBC1CBB413300C6EF14</string>
			</array>
			<key>isa</key>
			<string>PBXSourcesBuildPhase</string>
			<key>runOnlyForDeploymentPostprocessing</key>
			<string>0</string>
		</dict>
		<key>92AD8EB41CBB413300C6EF14</key>
		<dict>
			<key>buildActionMask</key>
			<string>2147483647</string>
			<key>files</key>
			<array/>
			<key>isa</key>
			<string>PBXFrameworksBuildPhase</string>
			<key>runOnlyForDeploymentPostprocessing</key>
			<string>0</string>
		</dict>
		<key>92AD8EB51CBB413300C6EF14</key>
		<dict>
			<key>buildActionMask</key>
			<string>2147483647</string>
			<key>files</key>
			<array/>
			<key>isa</key>
			<string>PBXResourcesBuildPhase</string>
			<key>runOnlyForDeploymentPostprocessing</key>
			<string>0</string>
		</dict>
		<key>92AD8EB61CBB413300C6EF14</key>
		<dict>
			<key>buildConfigurationList</key>
			<string>92AD8ECE1CBB413300C6EF14</string>
			<key>buildPhases</key>
			<array>
				<string>92AD8EB31CBB413300C6EF14</string>
				<string>92AD8EB41CBB413300C6EF14</string>
				<string>92AD8EB51CBB413300C6EF14</string>
			</array>
			<key>buildRules</key>
			<array/>
			<key>dependencies</key>
			<array>
				<string>92AD8EB91CBB413300C6EF14</string>
			</array>
			<key>isa</key>
			<string>PBXNativeTarget</string>
			<key>name</key>
			<string>ExDisplayTests</string>
			<key>productName</key>
			<string>ExDisplayTests</string>
			<key>productReference</key>
			<string>92AD8EB71CBB413300C6EF14</string>
			<key>productType</key>
			<string>com.apple.product-type.bundle.unit-test</string>
		</dict>
		<key>92AD8EB71CBB413300C6EF14</key>
		<dict>
			<key>explicitFileType</key>
			<string>wrapper.cfbundle</string>
			<key>includeInIndex</key>
			<string>0</string>
			<key>isa</key>
			<string>PBXFileReference</string>
			<key>path</key>
			<string>ExDisplayTests.xctest</string>
			<key>sourceTree</key>
			<string>BUILT_PRODUCTS_DIR</string>
		</dict>
		<key>92AD8EB81CBB413300C6EF14</key>
		<dict>
			<key>containerPortal</key>
			<string>92AD8E981CBB413300C6EF14</string>
			<key>isa</key>
			<string>PBXContainerItemProxy</string>
			<key>proxyType</key>
			<string>1</string>
			<key>remoteGlobalIDString</key>
			<string>92AD8E9F1CBB413300C6EF14</string>
			<key>remoteInfo</key>
			<string>ExDisplay</string>
		</dict>
		<key>92AD8EB91CBB413300C6EF14</key>
		<dict>
			<key>isa</key>
			<string>PBXTargetDependency</string>
			<key>target</key>
			<string>92AD8E9F1CBB413300C6EF14</string>
			<key>targetProxy</key>
			<string>92AD8EB81CBB413300C6EF14</string>
		</dict>
		<key>92AD8EBA1CBB413300C6EF14</key>
		<dict>
			<key>children</key>
			<array>
				<string>92AD8EBB1CBB413300C6EF14</string>
				<string>92AD8EBD1CBB413300C6EF14</string>
			</array>
			<key>isa</key>
			<string>PBXGroup</string>
			<key>path</key>
			<string>ExDisplayTests</string>
			<key>sourceTree</key>
			<string>&lt;group&gt;</string>
		</dict>
		<key>92AD8EBB1CBB413300C6EF14</key>
		<dict>
			<key>isa</key>
			<string>PBXFileReference</string>
			<key>lastKnownFileType</key>
			<string>sourcecode.swift</string>
			<key>path</key>
			<string>ExDisplayTests.swift</string>
			<key>sourceTree</key>
			<string>&lt;group&gt;</string>
		</dict>
		<key>92AD8EBC1CBB413300C6EF14</key>
		<dict>
			<key>fileRef</key>
			<string>92AD8EBB1CBB413300C6EF14</string>
			<key>isa</key>
			<string>PBXBuildFile</string>
		</dict>
		<key>92AD8EBD1CBB413300C6EF14</key>
		<dict>
			<key>isa</key>
			<string>PBXFileReference</string>
			<key>lastKnownFileType</key>
			<string>text.plist.xml</string>
			<key>path</key>
			<string>Info.plist</string>
			<key>sourceTree</key>
			<string>&lt;group&gt;</string>
		</dict>
		<key>92AD8EBE1CBB413300C6EF14</key>
		<dict>
			<key>buildActionMask</key>
			<string>2147483647</string>
			<key>files</key>
			<array>
				<string>84B5583C1CC784F0001065B4</string>
				<string>92AD8EC71CBB413300C6EF14</string>
			</array>
			<key>isa</key>
			<string>PBXSourcesBuildPhase</string>
			<key>runOnlyForDeploymentPostprocessing</key>
			<string>0</string>
		</dict>
		<key>92AD8EBF1CBB413300C6EF14</key>
		<dict>
			<key>buildActionMask</key>
			<string>2147483647</string>
			<key>files</key>
			<array/>
			<key>isa</key>
			<string>PBXFrameworksBuildPhase</string>
			<key>runOnlyForDeploymentPostprocessing</key>
			<string>0</string>
		</dict>
		<key>92AD8EC01CBB413300C6EF14</key>
		<dict>
			<key>buildActionMask</key>
			<string>2147483647</string>
			<key>files</key>
			<array/>
			<key>isa</key>
			<string>PBXResourcesBuildPhase</string>
			<key>runOnlyForDeploymentPostprocessing</key>
			<string>0</string>
		</dict>
		<key>92AD8EC11CBB413300C6EF14</key>
		<dict>
			<key>buildConfigurationList</key>
			<string>92AD8ED11CBB413300C6EF14</string>
			<key>buildPhases</key>
			<array>
				<string>92AD8EBE1CBB413300C6EF14</string>
				<string>92AD8EBF1CBB413300C6EF14</string>
				<string>92AD8EC01CBB413300C6EF14</string>
			</array>
			<key>buildRules</key>
			<array/>
			<key>dependencies</key>
			<array>
				<string>92AD8EC41CBB413300C6EF14</string>
			</array>
			<key>isa</key>
			<string>PBXNativeTarget</string>
			<key>name</key>
			<string>ExDisplayUITests</string>
			<key>productName</key>
			<string>ExDisplayUITests</string>
			<key>productReference</key>
			<string>92AD8EC21CBB413300C6EF14</string>
			<key>productType</key>
			<string>com.apple.product-type.bundle.ui-testing</string>
		</dict>
		<key>92AD8EC21CBB413300C6EF14</key>
		<dict>
			<key>explicitFileType</key>
			<string>wrapper.cfbundle</string>
			<key>includeInIndex</key>
			<string>0</string>
			<key>isa</key>
			<string>PBXFileReference</string>
			<key>path</key>
			<string>ExDisplayUITests.xctest</string>
			<key>sourceTree</key>
			<string>BUILT_PRODUCTS_DIR</string>
		</dict>
		<key>92AD8EC31CBB413300C6EF14</key>
		<dict>
			<key>containerPortal</key>
			<string>92AD8E981CBB413300C6EF14</string>
			<key>isa</key>
			<string>PBXContainerItemProxy</string>
			<key>proxyType</key>
			<string>1</string>
			<key>remoteGlobalIDString</key>
			<string>92AD8E9F1CBB413300C6EF14</string>
			<key>remoteInfo</key>
			<string>ExDisplay</string>
		</dict>
		<key>92AD8EC41CBB413300C6EF14</key>
		<dict>
			<key>isa</key>
			<string>PBXTargetDependency</string>
			<key>target</key>
			<string>92AD8E9F1CBB413300C6EF14</string>
			<key>targetProxy</key>
			<string>92AD8EC31CBB413300C6EF14</string>
		</dict>
		<key>92AD8EC51CBB413300C6EF14</key>
		<dict>
			<key>children</key>
			<array>
				<string>92AD8EC61CBB413300C6EF14</string>
				<string>92AD8EC81CBB413300C6EF14</string>
			</array>
			<key>isa</key>
			<string>PBXGroup</string>
			<key>path</key>
			<string>ExDisplayUITests</string>
			<key>sourceTree</key>
			<string>&lt;group&gt;</string>
		</dict>
		<key>92AD8EC61CBB413300C6EF14</key>
		<dict>
			<key>isa</key>
			<string>PBXFileReference</string>
			<key>lastKnownFileType</key>
			<string>sourcecode.swift</string>
			<key>path</key>
			<string>ExDisplayUITests.swift</string>
			<key>sourceTree</key>
			<string>&lt;group&gt;</string>
		</dict>
		<key>92AD8EC71CBB413300C6EF14</key>
		<dict>
			<key>fileRef</key>
			<string>92AD8EC61CBB413300C6EF14</string>
			<key>isa</key>
			<string>PBXBuildFile</string>
		</dict>
		<key>92AD8EC81CBB413300C6EF14</key>
		<dict>
			<key>isa</key>
			<string>PBXFileReference</string>
			<key>lastKnownFileType</key>
			<string>text.plist.xml</string>
			<key>path</key>
			<string>Info.plist</string>
			<key>sourceTree</key>
			<string>&lt;group&gt;</string>
		</dict>
		<key>92AD8EC91CBB413300C6EF14</key>
		<dict>
			<key>buildSettings</key>
			<dict>
				<key>ALWAYS_SEARCH_USER_PATHS</key>
				<string>NO</string>
				<key>CLANG_ANALYZER_NONNULL</key>
				<string>YES</string>
				<key>CLANG_CXX_LANGUAGE_STANDARD</key>
				<string>gnu++0x</string>
				<key>CLANG_CXX_LIBRARY</key>
				<string>libc++</string>
				<key>CLANG_ENABLE_MODULES</key>
				<string>YES</string>
				<key>CLANG_ENABLE_OBJC_ARC</key>
				<string>YES</string>
				<key>CLANG_WARN_BOOL_CONVERSION</key>
				<string>YES</string>
				<key>CLANG_WARN_CONSTANT_CONVERSION</key>
				<string>YES</string>
				<key>CLANG_WARN_DIRECT_OBJC_ISA_USAGE</key>
				<string>YES_ERROR</string>
				<key>CLANG_WARN_EMPTY_BODY</key>
				<string>YES</string>
				<key>CLANG_WARN_ENUM_CONVERSION</key>
				<string>YES</string>
				<key>CLANG_WARN_INT_CONVERSION</key>
				<string>YES</string>
				<key>CLANG_WARN_OBJC_ROOT_CLASS</key>
				<string>YES_ERROR</string>
				<key>CLANG_WARN_UNREACHABLE_CODE</key>
				<string>YES</string>
				<key>CLANG_WARN__DUPLICATE_METHOD_MATCH</key>
				<string>YES</string>
				<key>CODE_SIGN_IDENTITY[sdk=iphoneos*]</key>
				<string>iPhone Developer</string>
				<key>COPY_PHASE_STRIP</key>
				<string>NO</string>
				<key>DEBUG_INFORMATION_FORMAT</key>
				<string>dwarf</string>
				<key>ENABLE_STRICT_OBJC_MSGSEND</key>
				<string>YES</string>
				<key>ENABLE_TESTABILITY</key>
				<string>YES</string>
				<key>GCC_C_LANGUAGE_STANDARD</key>
				<string>gnu99</string>
				<key>GCC_DYNAMIC_NO_PIC</key>
				<string>NO</string>
				<key>GCC_NO_COMMON_BLOCKS</key>
				<string>YES</string>
				<key>GCC_OPTIMIZATION_LEVEL</key>
				<string>0</string>
				<key>GCC_PREPROCESSOR_DEFINITIONS</key>
				<array>
					<string>DEBUG=1</string>
					<string>$(inherited)</string>
				</array>
				<key>GCC_WARN_64_TO_32_BIT_CONVERSION</key>
				<string>YES</string>
				<key>GCC_WARN_ABOUT_RETURN_TYPE</key>
				<string>YES_ERROR</string>
				<key>GCC_WARN_UNDECLARED_SELECTOR</key>
				<string>YES</string>
				<key>GCC_WARN_UNINITIALIZED_AUTOS</key>
				<string>YES_AGGRESSIVE</string>
				<key>GCC_WARN_UNUSED_FUNCTION</key>
				<string>YES</string>
				<key>GCC_WARN_UNUSED_VARIABLE</key>
				<string>YES</string>
				<key>IPHONEOS_DEPLOYMENT_TARGET</key>
				<string>9.3</string>
				<key>MTL_ENABLE_DEBUG_INFO</key>
				<string>YES</string>
				<key>ONLY_ACTIVE_ARCH</key>
				<string>YES</string>
				<key>SDKROOT</key>
				<string>iphoneos</string>
				<key>SWIFT_INCLUDE_PATHS</key>
				<string></string>
				<key>SWIFT_OPTIMIZATION_LEVEL</key>
				<string>-Onone</string>
				<key>TARGETED_DEVICE_FAMILY</key>
				<string>1,2</string>
			</dict>
			<key>isa</key>
			<string>XCBuildConfiguration</string>
			<key>name</key>
			<string>Debug</string>
		</dict>
		<key>92AD8ECA1CBB413300C6EF14</key>
		<dict>
			<key>buildSettings</key>
			<dict>
				<key>ALWAYS_SEARCH_USER_PATHS</key>
				<string>NO</string>
				<key>CLANG_ANALYZER_NONNULL</key>
				<string>YES</string>
				<key>CLANG_CXX_LANGUAGE_STANDARD</key>
				<string>gnu++0x</string>
				<key>CLANG_CXX_LIBRARY</key>
				<string>libc++</string>
				<key>CLANG_ENABLE_MODULES</key>
				<string>YES</string>
				<key>CLANG_ENABLE_OBJC_ARC</key>
				<string>YES</string>
				<key>CLANG_WARN_BOOL_CONVERSION</key>
				<string>YES</string>
				<key>CLANG_WARN_CONSTANT_CONVERSION</key>
				<string>YES</string>
				<key>CLANG_WARN_DIRECT_OBJC_ISA_USAGE</key>
				<string>YES_ERROR</string>
				<key>CLANG_WARN_EMPTY_BODY</key>
				<string>YES</string>
				<key>CLANG_WARN_ENUM_CONVERSION</key>
				<string>YES</string>
				<key>CLANG_WARN_INT_CONVERSION</key>
				<string>YES</string>
				<key>CLANG_WARN_OBJC_ROOT_CLASS</key>
				<string>YES_ERROR</string>
				<key>CLANG_WARN_UNREACHABLE_CODE</key>
				<string>YES</string>
				<key>CLANG_WARN__DUPLICATE_METHOD_MATCH</key>
				<string>YES</string>
				<key>CODE_SIGN_IDENTITY[sdk=iphoneos*]</key>
				<string>iPhone Developer</string>
				<key>COPY_PHASE_STRIP</key>
				<string>NO</string>
				<key>DEBUG_INFORMATION_FORMAT</key>
				<string>dwarf-with-dsym</string>
				<key>ENABLE_NS_ASSERTIONS</key>
				<string>NO</string>
				<key>ENABLE_STRICT_OBJC_MSGSEND</key>
				<string>YES</string>
				<key>GCC_C_LANGUAGE_STANDARD</key>
				<string>gnu99</string>
				<key>GCC_NO_COMMON_BLOCKS</key>
				<string>YES</string>
				<key>GCC_WARN_64_TO_32_BIT_CONVERSION</key>
				<string>YES</string>
				<key>GCC_WARN_ABOUT_RETURN_TYPE</key>
				<string>YES_ERROR</string>
				<key>GCC_WARN_UNDECLARED_SELECTOR</key>
				<string>YES</string>
				<key>GCC_WARN_UNINITIALIZED_AUTOS</key>
				<string>YES_AGGRESSIVE</string>
				<key>GCC_WARN_UNUSED_FUNCTION</key>
				<string>YES</string>
				<key>GCC_WARN_UNUSED_VARIABLE</key>
				<string>YES</string>
				<key>IPHONEOS_DEPLOYMENT_TARGET</key>
				<string>9.3</string>
				<key>MTL_ENABLE_DEBUG_INFO</key>
				<string>NO</string>
				<key>SDKROOT</key>
				<string>iphoneos</string>
				<key>TARGETED_DEVICE_FAMILY</key>
				<string>1,2</string>
				<key>VALIDATE_PRODUCT</key>
				<string>YES</string>
			</dict>
			<key>isa</key>
			<string>XCBuildConfiguration</string>
			<key>name</key>
			<string>Release</string>
		</dict>
		<key>92AD8ECB1CBB413300C6EF14</key>
		<dict>
			<key>buildConfigurations</key>
			<array>
				<string>92AD8ECC1CBB413300C6EF14</string>
				<string>92AD8ECD1CBB413300C6EF14</string>
			</array>
			<key>defaultConfigurationIsVisible</key>
			<string>0</string>
			<key>defaultConfigurationName</key>
			<string>Release</string>
			<key>isa</key>
			<string>XCConfigurationList</string>
		</dict>
		<key>92AD8ECC1CBB413300C6EF14</key>
		<dict>
			<key>baseConfigurationReference</key>
			<string>23B52125E1682509A7548780</string>
			<key>buildSettings</key>
			<dict>
				<key>ASSETCATALOG_COMPILER_APPICON_NAME</key>
				<string>AppIcon</string>
				<key>FRAMEWORK_SEARCH_PATHS</key>
				<array>
					<string>$(inherited)</string>
					<string>$(PROJECT_DIR)/ExDisplay</string>
					<string>$(PROJECT_DIR)</string>
				</array>
				<key>INFOPLIST_FILE</key>
				<string>ExDisplay/Info.plist</string>
				<key>LD_RUNPATH_SEARCH_PATHS</key>
				<string>$(inherited) @executable_path/Frameworks</string>
				<key>PRODUCT_BUNDLE_IDENTIFIER</key>
				<string>com.appstudio.ExDisplay</string>
				<key>PRODUCT_NAME</key>
				<string>$(TARGET_NAME)</string>
			</dict>
			<key>isa</key>
			<string>XCBuildConfiguration</string>
			<key>name</key>
			<string>Debug</string>
		</dict>
		<key>92AD8ECD1CBB413300C6EF14</key>
		<dict>
			<key>baseConfigurationReference</key>
			<string>561391321C3F5B7036C3D40B</string>
			<key>buildSettings</key>
			<dict>
				<key>ASSETCATALOG_COMPILER_APPICON_NAME</key>
				<string>AppIcon</string>
				<key>FRAMEWORK_SEARCH_PATHS</key>
				<array>
					<string>$(inherited)</string>
					<string>$(PROJECT_DIR)/ExDisplay</string>
				</array>
				<key>INFOPLIST_FILE</key>
				<string>ExDisplay/Info.plist</string>
				<key>LD_RUNPATH_SEARCH_PATHS</key>
				<string>$(inherited) @executable_path/Frameworks</string>
				<key>PRODUCT_BUNDLE_IDENTIFIER</key>
				<string>com.appstudio.ExDisplay</string>
				<key>PRODUCT_NAME</key>
				<string>$(TARGET_NAME)</string>
			</dict>
			<key>isa</key>
			<string>XCBuildConfiguration</string>
			<key>name</key>
			<string>Release</string>
		</dict>
		<key>92AD8ECE1CBB413300C6EF14</key>
		<dict>
			<key>buildConfigurations</key>
			<array>
				<string>92AD8ECF1CBB413300C6EF14</string>
				<string>92AD8ED01CBB413300C6EF14</string>
			</array>
			<key>defaultConfigurationIsVisible</key>
			<string>0</string>
			<key>defaultConfigurationName</key>
			<string>Release</string>
			<key>isa</key>
			<string>XCConfigurationList</string>
		</dict>
		<key>92AD8ECF1CBB413300C6EF14</key>
		<dict>
			<key>buildSettings</key>
			<dict>
				<key>BUNDLE_LOADER</key>
				<string>$(TEST_HOST)</string>
				<key>FRAMEWORK_SEARCH_PATHS</key>
				<array>
					<string>$(inherited)</string>
					<string>$(PROJECT_DIR)/ExDisplay</string>
				</array>
				<key>INFOPLIST_FILE</key>
				<string>ExDisplayTests/Info.plist</string>
				<key>LD_RUNPATH_SEARCH_PATHS</key>
				<string>$(inherited) @executable_path/Frameworks @loader_path/Frameworks</string>
				<key>PRODUCT_BUNDLE_IDENTIFIER</key>
				<string>com.appstudio.ExDisplayTests</string>
				<key>PRODUCT_NAME</key>
				<string>$(TARGET_NAME)</string>
				<key>TEST_HOST</key>
				<string>$(BUILT_PRODUCTS_DIR)/ExDisplay.app/ExDisplay</string>
			</dict>
			<key>isa</key>
			<string>XCBuildConfiguration</string>
			<key>name</key>
			<string>Debug</string>
		</dict>
		<key>92AD8ED01CBB413300C6EF14</key>
		<dict>
			<key>buildSettings</key>
			<dict>
				<key>BUNDLE_LOADER</key>
				<string>$(TEST_HOST)</string>
				<key>FRAMEWORK_SEARCH_PATHS</key>
				<array>
					<string>$(inherited)</string>
					<string>$(PROJECT_DIR)/ExDisplay</string>
				</array>
				<key>INFOPLIST_FILE</key>
				<string>ExDisplayTests/Info.plist</string>
				<key>LD_RUNPATH_SEARCH_PATHS</key>
				<string>$(inherited) @executable_path/Frameworks @loader_path/Frameworks</string>
				<key>PRODUCT_BUNDLE_IDENTIFIER</key>
				<string>com.appstudio.ExDisplayTests</string>
				<key>PRODUCT_NAME</key>
				<string>$(TARGET_NAME)</string>
				<key>TEST_HOST</key>
				<string>$(BUILT_PRODUCTS_DIR)/ExDisplay.app/ExDisplay</string>
			</dict>
			<key>isa</key>
			<string>XCBuildConfiguration</string>
			<key>name</key>
			<string>Release</string>
		</dict>
		<key>92AD8ED11CBB413300C6EF14</key>
		<dict>
			<key>buildConfigurations</key>
			<array>
				<string>92AD8ED21CBB413300C6EF14</string>
				<string>92AD8ED31CBB413300C6EF14</string>
			</array>
			<key>defaultConfigurationIsVisible</key>
			<string>0</string>
			<key>defaultConfigurationName</key>
			<string>Release</string>
			<key>isa</key>
			<string>XCConfigurationList</string>
		</dict>
		<key>92AD8ED21CBB413300C6EF14</key>
		<dict>
			<key>buildSettings</key>
			<dict>
				<key>FRAMEWORK_SEARCH_PATHS</key>
				<array>
					<string>$(inherited)</string>
					<string>$(PROJECT_DIR)/ExDisplay</string>
				</array>
				<key>INFOPLIST_FILE</key>
				<string>ExDisplayUITests/Info.plist</string>
				<key>LD_RUNPATH_SEARCH_PATHS</key>
				<string>$(inherited) @executable_path/Frameworks @loader_path/Frameworks</string>
				<key>PRODUCT_BUNDLE_IDENTIFIER</key>
				<string>com.appstudio.ExDisplayUITests</string>
				<key>PRODUCT_NAME</key>
				<string>$(TARGET_NAME)</string>
				<key>TEST_TARGET_NAME</key>
				<string>ExDisplay</string>
			</dict>
			<key>isa</key>
			<string>XCBuildConfiguration</string>
			<key>name</key>
			<string>Debug</string>
		</dict>
		<key>92AD8ED31CBB413300C6EF14</key>
		<dict>
			<key>buildSettings</key>
			<dict>
				<key>FRAMEWORK_SEARCH_PATHS</key>
				<array>
					<string>$(inherited)</string>
					<string>$(PROJECT_DIR)/ExDisplay</string>
				</array>
				<key>INFOPLIST_FILE</key>
				<string>ExDisplayUITests/Info.plist</string>
				<key>LD_RUNPATH_SEARCH_PATHS</key>
				<string>$(inherited) @executable_path/Frameworks @loader_path/Frameworks</string>
				<key>PRODUCT_BUNDLE_IDENTIFIER</key>
				<string>com.appstudio.ExDisplayUITests</string>
				<key>PRODUCT_NAME</key>
				<string>$(TARGET_NAME)</string>
				<key>TEST_TARGET_NAME</key>
				<string>ExDisplay</string>
			</dict>
			<key>isa</key>
			<string>XCBuildConfiguration</string>
			<key>name</key>
			<string>Release</string>
		</dict>
		<key>9A69ECEADF4DD662E537AF0C</key>
		<dict>
			<key>fileRef</key>
			<string>FB32D13AD2965A41CC237B6B</string>
			<key>isa</key>
			<string>PBXBuildFile</string>
		</dict>
		<key>C16FCC0E983F8870D135D13E</key>
		<dict>
			<key>buildActionMask</key>
			<string>2147483647</string>
			<key>files</key>
			<array/>
			<key>inputPaths</key>
			<array/>
			<key>isa</key>
			<string>PBXShellScriptBuildPhase</string>
			<key>name</key>
			<string>Embed Pods Frameworks</string>
			<key>outputPaths</key>
			<array/>
			<key>runOnlyForDeploymentPostprocessing</key>
			<string>0</string>
			<key>shellPath</key>
			<string>/bin/sh</string>
			<key>shellScript</key>
			<string>"${SRCROOT}/Pods/Target Support Files/Pods/Pods-frameworks.sh"
</string>
			<key>showEnvVarsInLog</key>
			<string>0</string>
		</dict>
		<key>C23D430162B0B7B2A8BA2021</key>
		<dict>
			<key>children</key>
			<array>
				<string>23B52125E1682509A7548780</string>
				<string>561391321C3F5B7036C3D40B</string>
			</array>
			<key>isa</key>
			<string>PBXGroup</string>
			<key>name</key>
			<string>Pods</string>
			<key>sourceTree</key>
			<string>&lt;group&gt;</string>
		</dict>
		<key>D5A960B352B724C6D1B320FA</key>
		<dict>
			<key>children</key>
			<array>
				<string>FB32D13AD2965A41CC237B6B</string>
			</array>
			<key>isa</key>
			<string>PBXGroup</string>
			<key>name</key>
			<string>Frameworks</string>
			<key>sourceTree</key>
			<string>&lt;group&gt;</string>
		</dict>
		<key>F63B49C61CC9F1C60046F2FD</key>
		<dict>
			<key>fileEncoding</key>
			<string>4</string>
			<key>isa</key>
			<string>PBXFileReference</string>
			<key>lastKnownFileType</key>
			<string>sourcecode.swift</string>
			<key>path</key>
			<string>MusicPlayerView.swift</string>
			<key>sourceTree</key>
			<string>&lt;group&gt;</string>
		</dict>
		<key>F63B49C71CC9F1C60046F2FD</key>
		<dict>
			<key>fileRef</key>
			<string>F63B49C61CC9F1C60046F2FD</string>
			<key>isa</key>
			<string>PBXBuildFile</string>
		</dict>
		<key>F63B49C81CC9F1E00046F2FD</key>
		<dict>
			<key>fileEncoding</key>
			<string>4</string>
			<key>isa</key>
			<string>PBXFileReference</string>
			<key>lastKnownFileType</key>
			<string>sourcecode.swift</string>
			<key>path</key>
			<string>MusicPlayer.swift</string>
			<key>sourceTree</key>
			<string>&lt;group&gt;</string>
		</dict>
		<key>F63B49C91CC9F1E00046F2FD</key>
		<dict>
			<key>fileRef</key>
			<string>F63B49C81CC9F1E00046F2FD</string>
			<key>isa</key>
			<string>PBXBuildFile</string>
		</dict>
		<key>F63B49CA1CC9F1F30046F2FD</key>
		<dict>
			<key>fileEncoding</key>
			<string>4</string>
			<key>isa</key>
			<string>PBXFileReference</string>
			<key>lastKnownFileType</key>
			<string>sourcecode.swift</string>
			<key>path</key>
			<string>MusicPlayerModel.swift</string>
			<key>sourceTree</key>
			<string>&lt;group&gt;</string>
		</dict>
		<key>F63B49CB1CC9F1F30046F2FD</key>
		<dict>
			<key>fileRef</key>
			<string>F63B49CA1CC9F1F30046F2FD</string>
			<key>isa</key>
			<string>PBXBuildFile</string>
		</dict>
		<key>F63B49CC1CC9FB5D0046F2FD</key>
		<dict>
			<key>fileEncoding</key>
			<string>4</string>
			<key>isa</key>
			<string>PBXFileReference</string>
			<key>lastKnownFileType</key>
			<string>sourcecode.swift</string>
			<key>path</key>
			<string>MusicPlayerListTabelView.swift</string>
			<key>sourceTree</key>
			<string>&lt;group&gt;</string>
		</dict>
		<key>F63B49CD1CC9FB5D0046F2FD</key>
		<dict>
			<key>fileRef</key>
			<string>F63B49CC1CC9FB5D0046F2FD</string>
			<key>isa</key>
			<string>PBXBuildFile</string>
		</dict>
		<key>F63B49CF1CCA252F0046F2FD</key>
		<dict>
			<key>fileEncoding</key>
			<string>4</string>
			<key>isa</key>
			<string>PBXFileReference</string>
			<key>lastKnownFileType</key>
			<string>sourcecode.swift</string>
			<key>path</key>
			<string>WeatherView.swift</string>
			<key>sourceTree</key>
			<string>&lt;group&gt;</string>
		</dict>
		<key>F63B49D01CCA252F0046F2FD</key>
		<dict>
			<key>fileRef</key>
			<string>F63B49CF1CCA252F0046F2FD</string>
			<key>isa</key>
			<string>PBXBuildFile</string>
		</dict>
		<key>F63B49D11CCA25E40046F2FD</key>
		<dict>
			<key>fileEncoding</key>
			<string>4</string>
			<key>isa</key>
			<string>PBXFileReference</string>
			<key>lastKnownFileType</key>
			<string>sourcecode.swift</string>
			<key>path</key>
			<string>EXNetworking.swift</string>
			<key>sourceTree</key>
			<string>&lt;group&gt;</string>
		</dict>
		<key>F63B49D21CCA25E40046F2FD</key>
		<dict>
			<key>fileRef</key>
			<string>F63B49D11CCA25E40046F2FD</string>
			<key>isa</key>
			<string>PBXBuildFile</string>
		</dict>
		<key>FB32D13AD2965A41CC237B6B</key>
		<dict>
			<key>explicitFileType</key>
			<string>wrapper.framework</string>
			<key>includeInIndex</key>
			<string>0</string>
			<key>isa</key>
			<string>PBXFileReference</string>
			<key>path</key>
			<string>Pods.framework</string>
			<key>sourceTree</key>
			<string>BUILT_PRODUCTS_DIR</string>
		</dict>
	</dict>
	<key>rootObject</key>
	<string>92AD8E981CBB413300C6EF14</string>
</dict>
</plist>
